
Microsoft Visual Studio Solution File, Format Version 12.00
# Visual Studio Version 16
VisualStudioVersion = 16.0.30717.126
MinimumVisualStudioVersion = 10.0.40219.1
Project("{911E67C6-3D85-4FCE-B560-20A9C3E3FF48}") = "bank", "bank.exe", "{15CB5419-8CAA-492C-8E7C-CEB86D0C41E6}"
	ProjectSection(DebuggerProjectSystem) = preProject
		PortSupplier = 00000000-0000-0000-0000-000000000000
		Executable = C:\Users\Ania\OneDrive\Pulpit\Programowanie\Programowanie_lekcje\Lekcja_24\bank.exe
		RemoteMachine = LAPTOP-HKRA8V0S
		StartingDirectory = C:\Users\Ania\OneDrive\Pulpit\Programowanie\Programowanie_lekcje\Lekcja_24
		Environment = Domyślne
		LaunchingEngine = 00000000-0000-0000-0000-000000000000
		UseLegacyDebugEngines = No
		LaunchSQLEngine = No
		AttachLaunchAction = No
	EndProjectSection
EndProject
Global
	GlobalSection(SolutionConfigurationPlatforms) = preSolution
		Release|x86 = Release|x86
	EndGlobalSection
	GlobalSection(ProjectConfigurationPlatforms) = postSolution
		{15CB5419-8CAA-492C-8E7C-CEB86D0C41E6}.Release|x86.ActiveCfg = Release|x86
	EndGlobalSection
	GlobalSection(SolutionProperties) = preSolution
		HideSolutionNode = FALSE
	EndGlobalSection
	GlobalSection(ExtensibilityGlobals) = postSolution
		SolutionGuid = {4C53AB04-0DDE-4D20-B646-1A47EBB15FF5}
	EndGlobalSection
EndGlobal
